<?xml version="1.0" encoding="UTF-8"?>
<CodeBlocks_project_file>
	<FileVersion major="1" minor="6"/>
	<Project>
		<Option title="MPCHonestMajorityNoTriplesYehuda"/>
		<Option makefile_is_custom="1"/>
		<Option compiler="gcc"/>
		<Option virtualFolders="CMake Files\;"/>
		<Build>
			<Target title="all">
				<Option working_dir="/home/meital/ClionProjects/MPCHonestMajorityNoTriplesYehuda"/>
				<Option type="4"/>
				<MakeCommands>
					<Build command="/usr/bin/make -f &quot;/home/meital/ClionProjects/MPCHonestMajorityNoTriplesYehuda/Makefile&quot;  VERBOSE=1 all"/>
					<CompileFile command="/usr/bin/make -f &quot;/home/meital/ClionProjects/MPCHonestMajorityNoTriplesYehuda/Makefile&quot;  VERBOSE=1 &quot;$file&quot;"/>
					<Clean command="/usr/bin/make -f &quot;/home/meital/ClionProjects/MPCHonestMajorityNoTriplesYehuda/Makefile&quot;  VERBOSE=1 clean"/>
					<DistClean command="/usr/bin/make -f &quot;/home/meital/ClionProjects/MPCHonestMajorityNoTriplesYehuda/Makefile&quot;  VERBOSE=1 clean"/>
				</MakeCommands>
			</Target>
			<Target title="rebuild_cache">
				<Option working_dir="/home/meital/ClionProjects/MPCHonestMajorityNoTriplesYehuda"/>
				<Option type="4"/>
				<MakeCommands>
					<Build command="/usr/bin/make -f &quot;/home/meital/ClionProjects/MPCHonestMajorityNoTriplesYehuda/Makefile&quot;  VERBOSE=1 rebuild_cache"/>
					<CompileFile command="/usr/bin/make -f &quot;/home/meital/ClionProjects/MPCHonestMajorityNoTriplesYehuda/Makefile&quot;  VERBOSE=1 &quot;$file&quot;"/>
					<Clean command="/usr/bin/make -f &quot;/home/meital/ClionProjects/MPCHonestMajorityNoTriplesYehuda/Makefile&quot;  VERBOSE=1 clean"/>
					<DistClean command="/usr/bin/make -f &quot;/home/meital/ClionProjects/MPCHonestMajorityNoTriplesYehuda/Makefile&quot;  VERBOSE=1 clean"/>
				</MakeCommands>
			</Target>
			<Target title="edit_cache">
				<Option working_dir="/home/meital/ClionProjects/MPCHonestMajorityNoTriplesYehuda"/>
				<Option type="4"/>
				<MakeCommands>
					<Build command="/usr/bin/make -f &quot;/home/meital/ClionProjects/MPCHonestMajorityNoTriplesYehuda/Makefile&quot;  VERBOSE=1 edit_cache"/>
					<CompileFile command="/usr/bin/make -f &quot;/home/meital/ClionProjects/MPCHonestMajorityNoTriplesYehuda/Makefile&quot;  VERBOSE=1 &quot;$file&quot;"/>
					<Clean command="/usr/bin/make -f &quot;/home/meital/ClionProjects/MPCHonestMajorityNoTriplesYehuda/Makefile&quot;  VERBOSE=1 clean"/>
					<DistClean command="/usr/bin/make -f &quot;/home/meital/ClionProjects/MPCHonestMajorityNoTriplesYehuda/Makefile&quot;  VERBOSE=1 clean"/>
				</MakeCommands>
			</Target>
			<Target title="MPCHonestMajorityNoTriplesYehuda">
				<Option output="/home/meital/ClionProjects/MPCHonestMajorityNoTriplesYehuda/MPCHonestMajorityNoTriplesYehuda" prefix_auto="0" extension_auto="0"/>
				<Option working_dir="/home/meital/ClionProjects/MPCHonestMajorityNoTriplesYehuda"/>
				<Option object_output="./"/>
				<Option type="1"/>
				<Option compiler="gcc"/>
				<Compiler>
					<Add directory="/home/meital"/>
					<Add directory="/home/meital/libscapi/install/include"/>
					<Add directory="/home/meital/libscapi/install/include/OTExtensionBristol"/>
				</Compiler>
				<MakeCommands>
					<Build command="/usr/bin/make -f &quot;/home/meital/ClionProjects/MPCHonestMajorityNoTriplesYehuda/Makefile&quot;  VERBOSE=1 MPCHonestMajorityNoTriplesYehuda"/>
					<CompileFile command="/usr/bin/make -f &quot;/home/meital/ClionProjects/MPCHonestMajorityNoTriplesYehuda/Makefile&quot;  VERBOSE=1 &quot;$file&quot;"/>
					<Clean command="/usr/bin/make -f &quot;/home/meital/ClionProjects/MPCHonestMajorityNoTriplesYehuda/Makefile&quot;  VERBOSE=1 clean"/>
					<DistClean command="/usr/bin/make -f &quot;/home/meital/ClionProjects/MPCHonestMajorityNoTriplesYehuda/Makefile&quot;  VERBOSE=1 clean"/>
				</MakeCommands>
			</Target>
			<Target title="MPCHonestMajorityNoTriplesYehuda/fast">
				<Option output="/home/meital/ClionProjects/MPCHonestMajorityNoTriplesYehuda/MPCHonestMajorityNoTriplesYehuda" prefix_auto="0" extension_auto="0"/>
				<Option working_dir="/home/meital/ClionProjects/MPCHonestMajorityNoTriplesYehuda"/>
				<Option object_output="./"/>
				<Option type="1"/>
				<Option compiler="gcc"/>
				<Compiler>
					<Add directory="/home/meital"/>
					<Add directory="/home/meital/libscapi/install/include"/>
					<Add directory="/home/meital/libscapi/install/include/OTExtensionBristol"/>
				</Compiler>
				<MakeCommands>
					<Build command="/usr/bin/make -f &quot;/home/meital/ClionProjects/MPCHonestMajorityNoTriplesYehuda/Makefile&quot;  VERBOSE=1 MPCHonestMajorityNoTriplesYehuda/fast"/>
					<CompileFile command="/usr/bin/make -f &quot;/home/meital/ClionProjects/MPCHonestMajorityNoTriplesYehuda/Makefile&quot;  VERBOSE=1 &quot;$file&quot;"/>
					<Clean command="/usr/bin/make -f &quot;/home/meital/ClionProjects/MPCHonestMajorityNoTriplesYehuda/Makefile&quot;  VERBOSE=1 clean"/>
					<DistClean command="/usr/bin/make -f &quot;/home/meital/ClionProjects/MPCHonestMajorityNoTriplesYehuda/Makefile&quot;  VERBOSE=1 clean"/>
				</MakeCommands>
			</Target>
		</Build>
		<Unit filename="/home/meital/ClionProjects/MPCHonestMajorityNoTriplesYehuda/HashAbstract.h">
			<Option target="MPCHonestMajorityNoTriplesYehuda"/>
		</Unit>
		<Unit filename="/home/meital/ClionProjects/MPCHonestMajorityNoTriplesYehuda/HashEncrypt.cpp">
			<Option target="MPCHonestMajorityNoTriplesYehuda"/>
		</Unit>
		<Unit filename="/home/meital/ClionProjects/MPCHonestMajorityNoTriplesYehuda/HashEncrypt.h">
			<Option target="MPCHonestMajorityNoTriplesYehuda"/>
		</Unit>
		<Unit filename="/home/meital/ClionProjects/MPCHonestMajorityNoTriplesYehuda/ProtocolParty.cpp">
			<Option target="MPCHonestMajorityNoTriplesYehuda"/>
		</Unit>
		<Unit filename="/home/meital/ClionProjects/MPCHonestMajorityNoTriplesYehuda/ProtocolParty.h">
			<Option target="MPCHonestMajorityNoTriplesYehuda"/>
		</Unit>
		<Unit filename="/home/meital/ClionProjects/MPCHonestMajorityNoTriplesYehuda/ProtocolTimer.cpp">
			<Option target="MPCHonestMajorityNoTriplesYehuda"/>
		</Unit>
		<Unit filename="/home/meital/ClionProjects/MPCHonestMajorityNoTriplesYehuda/ProtocolTimer.h">
			<Option target="MPCHonestMajorityNoTriplesYehuda"/>
		</Unit>
		<Unit filename="/home/meital/ClionProjects/MPCHonestMajorityNoTriplesYehuda/TemplateField.cpp">
			<Option target="MPCHonestMajorityNoTriplesYehuda"/>
		</Unit>
		<Unit filename="/home/meital/ClionProjects/MPCHonestMajorityNoTriplesYehuda/TemplateField.h">
			<Option target="MPCHonestMajorityNoTriplesYehuda"/>
		</Unit>
		<Unit filename="/home/meital/ClionProjects/MPCHonestMajorityNoTriplesYehuda/ZpKaratsubaElement.cpp">
			<Option target="MPCHonestMajorityNoTriplesYehuda"/>
		</Unit>
		<Unit filename="/home/meital/ClionProjects/MPCHonestMajorityNoTriplesYehuda/ZpKaratsubaElement.h">
			<Option target="MPCHonestMajorityNoTriplesYehuda"/>
		</Unit>
		<Unit filename="/home/meital/ClionProjects/MPCHonestMajorityNoTriplesYehuda/main.cpp">
			<Option target="MPCHonestMajorityNoTriplesYehuda"/>
		</Unit>
		<Unit filename="/home/meital/ClionProjects/MPCHonestMajorityNoTriplesYehuda/CMakeLists.txt">
			<Option virtualFolder="CMake Files\"/>
		</Unit>
	</Project>
</CodeBlocks_project_file>
